
Microsoft Visual Studio Solution File, Format Version 12.00
# Visual Studio Version 17
VisualStudioVersion = 17.7.34031.279
MinimumVisualStudioVersion = 10.0.40219.1
Project("{9A19103F-16F7-4668-BE54-9A1E7A4F7556}") = "MYTICKET.WEB.API", "MyTicket.API\MYTICKET.WEB.API.csproj", "{CE7FAAFE-55FA-4E90-B5D9-7B4548A6A72A}"
EndProject
Project("{9A19103F-16F7-4668-BE54-9A1E7A4F7556}") = "MYTICKET.WEB.SERVICE", "Myticket.Service\MYTICKET.WEB.SERVICE.csproj", "{AF7D9E83-8CBE-45C2-9193-A2B641524CF2}"
EndProject
Project("{2150E333-8FDC-42A3-9474-1A3956D46DE8}") = "MyTicket.Base", "MyTicket.Base", "{D44C32CC-7A14-40BA-B01E-D8B4C61E94C4}"
EndProject
Project("{2150E333-8FDC-42A3-9474-1A3956D46DE8}") = "MYTICKET.WEB", "MYTICKET.WEB", "{50A0E5CB-0721-4D87-94AC-0770E722E1BE}"
EndProject
Project("{9A19103F-16F7-4668-BE54-9A1E7A4F7556}") = "MYTICKET.WEB.Infrastructure", "MYTICKET.WEB.Infrastructure\MYTICKET.WEB.Infrastructure.csproj", "{413BA2B4-3A5A-4C16-8AAD-33AFD98AB419}"
EndProject
Project("{9A19103F-16F7-4668-BE54-9A1E7A4F7556}") = "MYTICKET.BASE.API", "MYTICKET.BASE.API\MYTICKET.BASE.API.csproj", "{5CF21E3B-FC61-4291-A9E2-824BFC6C75B9}"
EndProject
Project("{9A19103F-16F7-4668-BE54-9A1E7A4F7556}") = "MYTICKET.BASE.SERVICE", "MYTICKET.BASE.SERVICE\MYTICKET.BASE.SERVICE.csproj", "{3B1F20A0-7215-4A37-ADBF-C2B11279FA41}"
EndProject
Project("{FAE04EC0-301F-11D3-BF4B-00C04F79EFBC}") = "MYTICKET.BASE.Infrastructure", "MYTICKET.BASE.DOMAIN\MYTICKET.BASE.Infrastructure.csproj", "{7A761425-65D6-41C5-8578-C127BF834A60}"
EndProject
Project("{FAE04EC0-301F-11D3-BF4B-00C04F79EFBC}") = "MYTICKET.UTILS", "MYTICKET.UTILS\MYTICKET.UTILS.csproj", "{BBFD3A40-EB1F-43B6-BEB5-5399DB025D2D}"
EndProject
Project("{FAE04EC0-301F-11D3-BF4B-00C04F79EFBC}") = "MYTICKET.BASE.IdentityServer", "MYTICKET.BASE.IdentityServer\MYTICKET.BASE.IdentityServer.csproj", "{D1BC666F-DC38-47B3-9695-82D525CEF0F7}"
EndProject
Project("{FAE04EC0-301F-11D3-BF4B-00C04F79EFBC}") = "MYTICKET.Hostconsle", "MYTICKET.HOST\MYTICKET.Hostconsle.csproj", "{53A68A47-A827-4B35-88B8-00F258290948}"
EndProject
Project("{FAE04EC0-301F-11D3-BF4B-00C04F79EFBC}") = "MYTICKET.BASE.ENTITIES", "ENTITIES\MYTICKET.BASE.ENTITIES.csproj", "{C6CF2731-31F5-4488-AFF9-1B55E6633C45}"
EndProject
Project("{FAE04EC0-301F-11D3-BF4B-00C04F79EFBC}") = "MYTICKET.WEB.DOMAIN", "MYTICKET.WEB.DOMAIN\MYTICKET.WEB.DOMAIN.csproj", "{FC13135E-A00E-4377-8231-EB4C06F074EA}"
EndProject
Global
	GlobalSection(SolutionConfigurationPlatforms) = preSolution
		Debug|Any CPU = Debug|Any CPU
		Release|Any CPU = Release|Any CPU
	EndGlobalSection
	GlobalSection(ProjectConfigurationPlatforms) = postSolution
		{CE7FAAFE-55FA-4E90-B5D9-7B4548A6A72A}.Debug|Any CPU.ActiveCfg = Debug|Any CPU
		{CE7FAAFE-55FA-4E90-B5D9-7B4548A6A72A}.Debug|Any CPU.Build.0 = Debug|Any CPU
		{CE7FAAFE-55FA-4E90-B5D9-7B4548A6A72A}.Release|Any CPU.ActiveCfg = Release|Any CPU
		{CE7FAAFE-55FA-4E90-B5D9-7B4548A6A72A}.Release|Any CPU.Build.0 = Release|Any CPU
		{AF7D9E83-8CBE-45C2-9193-A2B641524CF2}.Debug|Any CPU.ActiveCfg = Debug|Any CPU
		{AF7D9E83-8CBE-45C2-9193-A2B641524CF2}.Debug|Any CPU.Build.0 = Debug|Any CPU
		{AF7D9E83-8CBE-45C2-9193-A2B641524CF2}.Release|Any CPU.ActiveCfg = Release|Any CPU
		{AF7D9E83-8CBE-45C2-9193-A2B641524CF2}.Release|Any CPU.Build.0 = Release|Any CPU
		{413BA2B4-3A5A-4C16-8AAD-33AFD98AB419}.Debug|Any CPU.ActiveCfg = Debug|Any CPU
		{413BA2B4-3A5A-4C16-8AAD-33AFD98AB419}.Debug|Any CPU.Build.0 = Debug|Any CPU
		{413BA2B4-3A5A-4C16-8AAD-33AFD98AB419}.Release|Any CPU.ActiveCfg = Release|Any CPU
		{413BA2B4-3A5A-4C16-8AAD-33AFD98AB419}.Release|Any CPU.Build.0 = Release|Any CPU
		{5CF21E3B-FC61-4291-A9E2-824BFC6C75B9}.Debug|Any CPU.ActiveCfg = Debug|Any CPU
		{5CF21E3B-FC61-4291-A9E2-824BFC6C75B9}.Debug|Any CPU.Build.0 = Debug|Any CPU
		{5CF21E3B-FC61-4291-A9E2-824BFC6C75B9}.Release|Any CPU.ActiveCfg = Release|Any CPU
		{5CF21E3B-FC61-4291-A9E2-824BFC6C75B9}.Release|Any CPU.Build.0 = Release|Any CPU
		{3B1F20A0-7215-4A37-ADBF-C2B11279FA41}.Debug|Any CPU.ActiveCfg = Debug|Any CPU
		{3B1F20A0-7215-4A37-ADBF-C2B11279FA41}.Debug|Any CPU.Build.0 = Debug|Any CPU
		{3B1F20A0-7215-4A37-ADBF-C2B11279FA41}.Release|Any CPU.ActiveCfg = Release|Any CPU
		{3B1F20A0-7215-4A37-ADBF-C2B11279FA41}.Release|Any CPU.Build.0 = Release|Any CPU
		{7A761425-65D6-41C5-8578-C127BF834A60}.Debug|Any CPU.ActiveCfg = Debug|Any CPU
		{7A761425-65D6-41C5-8578-C127BF834A60}.Debug|Any CPU.Build.0 = Debug|Any CPU
		{7A761425-65D6-41C5-8578-C127BF834A60}.Release|Any CPU.ActiveCfg = Release|Any CPU
		{7A761425-65D6-41C5-8578-C127BF834A60}.Release|Any CPU.Build.0 = Release|Any CPU
		{BBFD3A40-EB1F-43B6-BEB5-5399DB025D2D}.Debug|Any CPU.ActiveCfg = Debug|Any CPU
		{BBFD3A40-EB1F-43B6-BEB5-5399DB025D2D}.Debug|Any CPU.Build.0 = Debug|Any CPU
		{BBFD3A40-EB1F-43B6-BEB5-5399DB025D2D}.Release|Any CPU.ActiveCfg = Release|Any CPU
		{BBFD3A40-EB1F-43B6-BEB5-5399DB025D2D}.Release|Any CPU.Build.0 = Release|Any CPU
		{D1BC666F-DC38-47B3-9695-82D525CEF0F7}.Debug|Any CPU.ActiveCfg = Debug|Any CPU
		{D1BC666F-DC38-47B3-9695-82D525CEF0F7}.Debug|Any CPU.Build.0 = Debug|Any CPU
		{D1BC666F-DC38-47B3-9695-82D525CEF0F7}.Release|Any CPU.ActiveCfg = Release|Any CPU
		{D1BC666F-DC38-47B3-9695-82D525CEF0F7}.Release|Any CPU.Build.0 = Release|Any CPU
		{53A68A47-A827-4B35-88B8-00F258290948}.Debug|Any CPU.ActiveCfg = Debug|Any CPU
		{53A68A47-A827-4B35-88B8-00F258290948}.Debug|Any CPU.Build.0 = Debug|Any CPU
		{53A68A47-A827-4B35-88B8-00F258290948}.Release|Any CPU.ActiveCfg = Release|Any CPU
		{53A68A47-A827-4B35-88B8-00F258290948}.Release|Any CPU.Build.0 = Release|Any CPU
		{C6CF2731-31F5-4488-AFF9-1B55E6633C45}.Debug|Any CPU.ActiveCfg = Debug|Any CPU
		{C6CF2731-31F5-4488-AFF9-1B55E6633C45}.Debug|Any CPU.Build.0 = Debug|Any CPU
		{C6CF2731-31F5-4488-AFF9-1B55E6633C45}.Release|Any CPU.ActiveCfg = Release|Any CPU
		{C6CF2731-31F5-4488-AFF9-1B55E6633C45}.Release|Any CPU.Build.0 = Release|Any CPU
		{FC13135E-A00E-4377-8231-EB4C06F074EA}.Debug|Any CPU.ActiveCfg = Debug|Any CPU
		{FC13135E-A00E-4377-8231-EB4C06F074EA}.Debug|Any CPU.Build.0 = Debug|Any CPU
		{FC13135E-A00E-4377-8231-EB4C06F074EA}.Release|Any CPU.ActiveCfg = Release|Any CPU
		{FC13135E-A00E-4377-8231-EB4C06F074EA}.Release|Any CPU.Build.0 = Release|Any CPU
	EndGlobalSection
	GlobalSection(SolutionProperties) = preSolution
		HideSolutionNode = FALSE
	EndGlobalSection
	GlobalSection(NestedProjects) = preSolution
		{CE7FAAFE-55FA-4E90-B5D9-7B4548A6A72A} = {50A0E5CB-0721-4D87-94AC-0770E722E1BE}
		{AF7D9E83-8CBE-45C2-9193-A2B641524CF2} = {50A0E5CB-0721-4D87-94AC-0770E722E1BE}
		{413BA2B4-3A5A-4C16-8AAD-33AFD98AB419} = {50A0E5CB-0721-4D87-94AC-0770E722E1BE}
		{5CF21E3B-FC61-4291-A9E2-824BFC6C75B9} = {D44C32CC-7A14-40BA-B01E-D8B4C61E94C4}
		{3B1F20A0-7215-4A37-ADBF-C2B11279FA41} = {D44C32CC-7A14-40BA-B01E-D8B4C61E94C4}
		{7A761425-65D6-41C5-8578-C127BF834A60} = {D44C32CC-7A14-40BA-B01E-D8B4C61E94C4}
		{BBFD3A40-EB1F-43B6-BEB5-5399DB025D2D} = {D44C32CC-7A14-40BA-B01E-D8B4C61E94C4}
		{D1BC666F-DC38-47B3-9695-82D525CEF0F7} = {D44C32CC-7A14-40BA-B01E-D8B4C61E94C4}
		{53A68A47-A827-4B35-88B8-00F258290948} = {D44C32CC-7A14-40BA-B01E-D8B4C61E94C4}
		{C6CF2731-31F5-4488-AFF9-1B55E6633C45} = {D44C32CC-7A14-40BA-B01E-D8B4C61E94C4}
		{FC13135E-A00E-4377-8231-EB4C06F074EA} = {50A0E5CB-0721-4D87-94AC-0770E722E1BE}
	EndGlobalSection
	GlobalSection(ExtensibilityGlobals) = postSolution
		SolutionGuid = {F5F68C8A-09F0-4913-9593-0C95C79A2083}
	EndGlobalSection
EndGlobal
